PODS:
  - AEXML (4.0.1)
  - Alamofire (4.3.0)
  - SwiftyJSON (3.1.4)

DEPENDENCIES:
  - AEXML
  - Alamofire
  - SwiftyJSON

SPEC CHECKSUMS:
  AEXML: 905e50474c0a261d335aa8be4ee32d22d69b6fd5
  Alamofire: 856a113053a7bc9cbe5d6367a555d773fc5cfef7
  SwiftyJSON: c2842d878f95482ffceec5709abc3d05680c0220

PODFILE CHECKSUM: 582cd0a73ab44606eeee8c89203b40e4c14642e2

COCOAPODS: 1.2.0
