PODS:
  - AEXML (1.3.1)
  - Alamofire (1.3.1)
  - SwiftyJSON (2.2.1)

DEPENDENCIES:
  - AEXML
  - Alamofire (~> 1.2)
  - SwiftyJSON (~> 2.2.0)

SPEC CHECKSUMS:
  AEXML: 8c7fd349b28f8f6c80e63c5ccfff02674f32f04c
  Alamofire: 227a96543f23ce24c69c5052ea4e8bb206008c82
  SwiftyJSON: 1bd8b3b8f669dd12a6f88465fdaeaa7a8d1123c6

COCOAPODS: 0.37.2
